
Microsoft Visual Studio Solution File, Format Version 12.00
# Visual Studio Version 17
VisualStudioVersion = 17.4.33213.308
MinimumVisualStudioVersion = 10.0.40219.1
Project("{9A19103F-16F7-4668-BE54-9A1E7A4F7556}") = "HotelListing.NET6", "HotelListing.API\HotelListing.NET6.csproj", "{4B81CD2F-AA37-4130-BC25-132E56AC7FA5}"
EndProject
Project("{FAE04EC0-301F-11D3-BF4B-00C04F79EFBC}") = "HotelListing.Api.Data", "HotelListing.Data\HotelListing.Api.Data.csproj", "{6193E422-F449-449C-884E-A986D59B98C1}"
EndProject
Project("{FAE04EC0-301F-11D3-BF4B-00C04F79EFBC}") = "HotelListing.API.Core", "HotelListing.API.Core\HotelListing.API.Core.csproj", "{2D5DAC50-0FFB-4FD0-8781-C2873E042073}"
EndProject
Global
	GlobalSection(SolutionConfigurationPlatforms) = preSolution
		Debug|Any CPU = Debug|Any CPU
		Release|Any CPU = Release|Any CPU
	EndGlobalSection
	GlobalSection(ProjectConfigurationPlatforms) = postSolution
		{4B81CD2F-AA37-4130-BC25-132E56AC7FA5}.Debug|Any CPU.ActiveCfg = Debug|Any CPU
		{4B81CD2F-AA37-4130-BC25-132E56AC7FA5}.Debug|Any CPU.Build.0 = Debug|Any CPU
		{4B81CD2F-AA37-4130-BC25-132E56AC7FA5}.Release|Any CPU.ActiveCfg = Release|Any CPU
		{4B81CD2F-AA37-4130-BC25-132E56AC7FA5}.Release|Any CPU.Build.0 = Release|Any CPU
		{6193E422-F449-449C-884E-A986D59B98C1}.Debug|Any CPU.ActiveCfg = Debug|Any CPU
		{6193E422-F449-449C-884E-A986D59B98C1}.Debug|Any CPU.Build.0 = Debug|Any CPU
		{6193E422-F449-449C-884E-A986D59B98C1}.Release|Any CPU.ActiveCfg = Release|Any CPU
		{6193E422-F449-449C-884E-A986D59B98C1}.Release|Any CPU.Build.0 = Release|Any CPU
		{2D5DAC50-0FFB-4FD0-8781-C2873E042073}.Debug|Any CPU.ActiveCfg = Debug|Any CPU
		{2D5DAC50-0FFB-4FD0-8781-C2873E042073}.Debug|Any CPU.Build.0 = Debug|Any CPU
		{2D5DAC50-0FFB-4FD0-8781-C2873E042073}.Release|Any CPU.ActiveCfg = Release|Any CPU
		{2D5DAC50-0FFB-4FD0-8781-C2873E042073}.Release|Any CPU.Build.0 = Release|Any CPU
	EndGlobalSection
	GlobalSection(SolutionProperties) = preSolution
		HideSolutionNode = FALSE
	EndGlobalSection
	GlobalSection(ExtensibilityGlobals) = postSolution
		SolutionGuid = {6A345A43-B4B0-4FC1-A368-7B06A70EC532}
	EndGlobalSection
EndGlobal
